[[package]]
name = "docx2txt"
version = "0.8"
description = "A pure python-based utility to extract text and images from docx files."
category = "main"
optional = false
python-versions = "*"

[[package]]
name = "inflection"
version = "0.5.1"
description = "A port of Ruby on Rails inflector to Python"
category = "main"
optional = false
python-versions = ">=3.5"

[[package]]
name = "profanityfilter"
version = "2.0.6"
description = "A universal Python library for detecting and/or filtering profane words."
category = "main"
optional = false
python-versions = "*"

[package.dependencies]
inflection = "*"

[[package]]
name = "tqdm"
version = "4.59.0"
description = "Fast, Extensible Progress Meter"
category = "main"
optional = false
python-versions = "!=3.0.*,!=3.1.*,!=3.2.*,!=3.3.*,>=2.7"

[package.extras]
dev = ["py-make (>=0.1.0)", "twine", "wheel"]
notebook = ["ipywidgets (>=6)"]
telegram = ["requests"]

[metadata]
lock-version = "1.1"
python-versions = "^3.7"
content-hash = "1dd2bcaf4d06f36ab5d1d0bde07f2726259f084626dade565e2f87d3bbabda0c"

[metadata.files]
docx2txt = [
    {file = "docx2txt-0.8.tar.gz", hash = "sha256:2c06d98d7cfe2d3947e5760a57d924e3ff07745b379c8737723922e7009236e5"},
]
inflection = [
    {file = "inflection-0.5.1-py2.py3-none-any.whl", hash = "sha256:f38b2b640938a4f35ade69ac3d053042959b62a0f1076a5bbaa1b9526605a8a2"},
    {file = "inflection-0.5.1.tar.gz", hash = "sha256:1a29730d366e996aaacffb2f1f1cb9593dc38e2ddd30c91250c6dde09ea9b417"},
]
profanityfilter = [
    {file = "profanityfilter-2.0.6-py2.py3-none-any.whl", hash = "sha256:1706c080c2364f5bfe217b2330dc35d90e02e4afa0a00ed52d5673c410b45b64"},
    {file = "profanityfilter-2.0.6.tar.gz", hash = "sha256:ca701e22799526696963415fc36d5e943c168f1917e3c83881ffda6bf5240a30"},
]
tqdm = [
    {file = "tqdm-4.59.0-py2.py3-none-any.whl", hash = "sha256:9fdf349068d047d4cfbe24862c425883af1db29bcddf4b0eeb2524f6fbdb23c7"},
    {file = "tqdm-4.59.0.tar.gz", hash = "sha256:d666ae29164da3e517fcf125e41d4fe96e5bb375cd87ff9763f6b38b5592fe33"},
]
